// !$*UTF8*$!
{
	archiveVersion = 1;
	classes = {
	};
	objectVersion = 46;
	objects = {

/* Begin PBXBuildFile section */
		CB53F70E1A3D0AD100C5007D /* AddABookViewController.m in Sources */ = {isa = PBXBuildFile; fileRef = CB53F70D1A3D0AD100C5007D /* AddABookViewController.m */; };
		CB53F7111A3D0AF500C5007D /* DetailViewController.m in Sources */ = {isa = PBXBuildFile; fileRef = CB53F7101A3D0AF500C5007D /* DetailViewController.m */; };
		CB619F121A22F4FC0065BBB3 /* main.m in Sources */ = {isa = PBXBuildFile; fileRef = CB619F111A22F4FC0065BBB3 /* main.m */; };
		CB619F151A22F4FC0065BBB3 /* AppDelegate.m in Sources */ = {isa = PBXBuildFile; fileRef = CB619F141A22F4FC0065BBB3 /* AppDelegate.m */; };
		CB619F181A22F4FC0065BBB3 /* ProlificProject.xcdatamodeld in Sources */ = {isa = PBXBuildFile; fileRef = CB619F161A22F4FC0065BBB3 /* ProlificProject.xcdatamodeld */; };
		CB619F1E1A22F4FC0065BBB3 /* Main.storyboard in Resources */ = {isa = PBXBuildFile; fileRef = CB619F1C1A22F4FC0065BBB3 /* Main.storyboard */; };
		CB619F201A22F4FC0065BBB3 /* Images.xcassets in Resources */ = {isa = PBXBuildFile; fileRef = CB619F1F1A22F4FC0065BBB3 /* Images.xcassets */; };
		CB619F231A22F4FC0065BBB3 /* LaunchScreen.xib in Resources */ = {isa = PBXBuildFile; fileRef = CB619F211A22F4FC0065BBB3 /* LaunchScreen.xib */; };
		CB619F2F1A22F4FC0065BBB3 /* ProlificProjectTests.m in Sources */ = {isa = PBXBuildFile; fileRef = CB619F2E1A22F4FC0065BBB3 /* ProlificProjectTests.m */; };
		CB619F3A1A22F5AD0065BBB3 /* BookListTableViewController.m in Sources */ = {isa = PBXBuildFile; fileRef = CB619F391A22F5AD0065BBB3 /* BookListTableViewController.m */; };
/* End PBXBuildFile section */

/* Begin PBXContainerItemProxy section */
		CB619F291A22F4FC0065BBB3 /* PBXContainerItemProxy */ = {
			isa = PBXContainerItemProxy;
			containerPortal = CB619F041A22F4FC0065BBB3 /* Project object */;
			proxyType = 1;
			remoteGlobalIDString = CB619F0B1A22F4FC0065BBB3;
			remoteInfo = ProlificProject;
		};
/* End PBXContainerItemProxy section */

/* Begin PBXFileReference section */
		CB53F70C1A3D0AD100C5007D /* AddABookViewController.h */ = {isa = PBXFileReference; fileEncoding = 4; lastKnownFileType = sourcecode.c.h; path = AddABookViewController.h; sourceTree = "<group>"; };
		CB53F70D1A3D0AD100C5007D /* AddABookViewController.m */ = {isa = PBXFileReference; fileEncoding = 4; lastKnownFileType = sourcecode.c.objc; path = AddABookViewController.m; sourceTree = "<group>"; };
		CB53F70F1A3D0AF500C5007D /* DetailViewController.h */ = {isa = PBXFileReference; fileEncoding = 4; lastKnownFileType = sourcecode.c.h; path = DetailViewController.h; sourceTree = "<group>"; };
		CB53F7101A3D0AF500C5007D /* DetailViewController.m */ = {isa = PBXFileReference; fileEncoding = 4; lastKnownFileType = sourcecode.c.objc; path = DetailViewController.m; sourceTree = "<group>"; };
		CB619F0C1A22F4FC0065BBB3 /* ProlificProject.app */ = {isa = PBXFileReference; explicitFileType = wrapper.application; includeInIndex = 0; path = ProlificProject.app; sourceTree = BUILT_PRODUCTS_DIR; };
		CB619F101A22F4FC0065BBB3 /* Info.plist */ = {isa = PBXFileReference; lastKnownFileType = text.plist.xml; path = Info.plist; sourceTree = "<group>"; };
		CB619F111A22F4FC0065BBB3 /* main.m */ = {isa = PBXFileReference; lastKnownFileType = sourcecode.c.objc; path = main.m; sourceTree = "<group>"; };
		CB619F131A22F4FC0065BBB3 /* AppDelegate.h */ = {isa = PBXFileReference; lastKnownFileType = sourcecode.c.h; path = AppDelegate.h; sourceTree = "<group>"; };
		CB619F141A22F4FC0065BBB3 /* AppDelegate.m */ = {isa = PBXFileReference; lastKnownFileType = sourcecode.c.objc; path = AppDelegate.m; sourceTree = "<group>"; };
		CB619F171A22F4FC0065BBB3 /* ProlificProject.xcdatamodel */ = {isa = PBXFileReference; lastKnownFileType = wrapper.xcdatamodel; path = ProlificProject.xcdatamodel; sourceTree = "<group>"; };
		CB619F1D1A22F4FC0065BBB3 /* Base */ = {isa = PBXFileReference; lastKnownFileType = file.storyboard; name = Base; path = Base.lproj/Main.storyboard; sourceTree = "<group>"; };
		CB619F1F1A22F4FC0065BBB3 /* Images.xcassets */ = {isa = PBXFileReference; lastKnownFileType = folder.assetcatalog; path = Images.xcassets; sourceTree = "<group>"; };
		CB619F221A22F4FC0065BBB3 /* Base */ = {isa = PBXFileReference; lastKnownFileType = file.xib; name = Base; path = Base.lproj/LaunchScreen.xib; sourceTree = "<group>"; };
		CB619F281A22F4FC0065BBB3 /* ProlificProjectTests.xctest */ = {isa = PBXFileReference; explicitFileType = wrapper.cfbundle; includeInIndex = 0; path = ProlificProjectTests.xctest; sourceTree = BUILT_PRODUCTS_DIR; };
		CB619F2D1A22F4FC0065BBB3 /* Info.plist */ = {isa = PBXFileReference; lastKnownFileType = text.plist.xml; path = Info.plist; sourceTree = "<group>"; };
		CB619F2E1A22F4FC0065BBB3 /* ProlificProjectTests.m */ = {isa = PBXFileReference; lastKnownFileType = sourcecode.c.objc; path = ProlificProjectTests.m; sourceTree = "<group>"; };
		CB619F381A22F5AD0065BBB3 /* BookListTableViewController.h */ = {isa = PBXFileReference; fileEncoding = 4; lastKnownFileType = sourcecode.c.h; path = BookListTableViewController.h; sourceTree = "<group>"; };
		CB619F391A22F5AD0065BBB3 /* BookListTableViewController.m */ = {isa = PBXFileReference; fileEncoding = 4; lastKnownFileType = sourcecode.c.objc; path = BookListTableViewController.m; sourceTree = "<group>"; };
/* End PBXFileReference section */

/* Begin PBXFrameworksBuildPhase section */
		CB619F091A22F4FC0065BBB3 /* Frameworks */ = {
			isa = PBXFrameworksBuildPhase;
			buildActionMask = 2147483647;
			files = (
			);
			runOnlyForDeploymentPostprocessing = 0;
		};
		CB619F251A22F4FC0065BBB3 /* Frameworks */ = {
			isa = PBXFrameworksBuildPhase;
			buildActionMask = 2147483647;
			files = (
			);
			runOnlyForDeploymentPostprocessing = 0;
		};
/* End PBXFrameworksBuildPhase section */

/* Begin PBXGroup section */
		CB619F031A22F4FC0065BBB3 = {
			isa = PBXGroup;
			children = (
				CB619F0E1A22F4FC0065BBB3 /* ProlificProject */,
				CB619F2B1A22F4FC0065BBB3 /* ProlificProjectTests */,
				CB619F0D1A22F4FC0065BBB3 /* Products */,
			);
			sourceTree = "<group>";
		};
		CB619F0D1A22F4FC0065BBB3 /* Products */ = {
			isa = PBXGroup;
			children = (
				CB619F0C1A22F4FC0065BBB3 /* ProlificProject.app */,
				CB619F281A22F4FC0065BBB3 /* ProlificProjectTests.xctest */,
			);
			name = Products;
			sourceTree = "<group>";
		};
		CB619F0E1A22F4FC0065BBB3 /* ProlificProject */ = {
			isa = PBXGroup;
			children = (
				CB619F131A22F4FC0065BBB3 /* AppDelegate.h */,
				CB619F141A22F4FC0065BBB3 /* AppDelegate.m */,
				CB619F1C1A22F4FC0065BBB3 /* Main.storyboard */,
				CB53F70F1A3D0AF500C5007D /* DetailViewController.h */,
				CB53F7101A3D0AF500C5007D /* DetailViewController.m */,
				CB53F70C1A3D0AD100C5007D /* AddABookViewController.h */,
				CB53F70D1A3D0AD100C5007D /* AddABookViewController.m */,
				CB619F381A22F5AD0065BBB3 /* BookListTableViewController.h */,
				CB619F391A22F5AD0065BBB3 /* BookListTableViewController.m */,
				CB619F1F1A22F4FC0065BBB3 /* Images.xcassets */,
				CB619F211A22F4FC0065BBB3 /* LaunchScreen.xib */,
				CB619F161A22F4FC0065BBB3 /* ProlificProject.xcdatamodeld */,
				CB619F0F1A22F4FC0065BBB3 /* Supporting Files */,
			);
			path = ProlificProject;
			sourceTree = "<group>";
		};
		CB619F0F1A22F4FC0065BBB3 /* Supporting Files */ = {
			isa = PBXGroup;
			children = (
				CB619F101A22F4FC0065BBB3 /* Info.plist */,
				CB619F111A22F4FC0065BBB3 /* main.m */,
			);
			name = "Supporting Files";
			sourceTree = "<group>";
		};
		CB619F2B1A22F4FC0065BBB3 /* ProlificProjectTests */ = {
			isa = PBXGroup;
			children = (
				CB619F2E1A22F4FC0065BBB3 /* ProlificProjectTests.m */,
				CB619F2C1A22F4FC0065BBB3 /* Supporting Files */,
			);
			path = ProlificProjectTests;
			sourceTree = "<group>";
		};
		CB619F2C1A22F4FC0065BBB3 /* Supporting Files */ = {
			isa = PBXGroup;
			children = (
				CB619F2D1A22F4FC0065BBB3 /* Info.plist */,
			);
			name = "Supporting Files";
			sourceTree = "<group>";
		};
/* End PBXGroup section */

/* Begin PBXNativeTarget section */
		CB619F0B1A22F4FC0065BBB3 /* ProlificProject */ = {
			isa = PBXNativeTarget;
			buildConfigurationList = CB619F321A22F4FC0065BBB3 /* Build configuration list for PBXNativeTarget "ProlificProject" */;
			buildPhases = (
				CB619F081A22F4FC0065BBB3 /* Sources */,
				CB619F091A22F4FC0065BBB3 /* Frameworks */,
				CB619F0A1A22F4FC0065BBB3 /* Resources */,
			);
			buildRules = (
			);
			dependencies = (
			);
			name = ProlificProject;
			productName = ProlificProject;
			productReference = CB619F0C1A22F4FC0065BBB3 /* ProlificProject.app */;
			productType = "com.apple.product-type.application";
		};
		CB619F271A22F4FC0065BBB3 /* ProlificProjectTests */ = {
			isa = PBXNativeTarget;
			buildConfigurationList = CB619F351A22F4FC0065BBB3 /* Build configuration list for PBXNativeTarget "ProlificProjectTests" */;
			buildPhases = (
				CB619F241A22F4FC0065BBB3 /* Sources */,
				CB619F251A22F4FC0065BBB3 /* Frameworks */,
				CB619F261A22F4FC0065BBB3 /* Resources */,
			);
			buildRules = (
			);
			dependencies = (
				CB619F2A1A22F4FC0065BBB3 /* PBXTargetDependency */,
			);
			name = ProlificProjectTests;
			productName = ProlificProjectTests;
			productReference = CB619F281A22F4FC0065BBB3 /* ProlificProjectTests.xctest */;
			productType = "com.apple.product-type.bundle.unit-test";
		};
/* End PBXNativeTarget section */

/* Begin PBXProject section */
		CB619F041A22F4FC0065BBB3 /* Project object */ = {
			isa = PBXProject;
			attributes = {
				LastUpgradeCheck = 0610;
				ORGANIZATIONNAME = JoseAlvarado;
				TargetAttributes = {
					CB619F0B1A22F4FC0065BBB3 = {
						CreatedOnToolsVersion = 6.1;
					};
					CB619F271A22F4FC0065BBB3 = {
						CreatedOnToolsVersion = 6.1;
						TestTargetID = CB619F0B1A22F4FC0065BBB3;
					};
				};
			};
			buildConfigurationList = CB619F071A22F4FC0065BBB3 /* Build configuration list for PBXProject "ProlificProject" */;
			compatibilityVersion = "Xcode 3.2";
			developmentRegion = English;
			hasScannedForEncodings = 0;
			knownRegions = (
				en,
				Base,
			);
			mainGroup = CB619F031A22F4FC0065BBB3;
			productRefGroup = CB619F0D1A22F4FC0065BBB3 /* Products */;
			projectDirPath = "";
			projectRoot = "";
			targets = (
				CB619F0B1A22F4FC0065BBB3 /* ProlificProject */,
				CB619F271A22F4FC0065BBB3 /* ProlificProjectTests */,
			);
		};
/* End PBXProject section */

/* Begin PBXResourcesBuildPhase section */
		CB619F0A1A22F4FC0065BBB3 /* Resources */ = {
			isa = PBXResourcesBuildPhase;
			buildActionMask = 2147483647;
			files = (
				CB619F1E1A22F4FC0065BBB3 /* Main.storyboard in Resources */,
				CB619F231A22F4FC0065BBB3 /* LaunchScreen.xib in Resources */,
				CB619F201A22F4FC0065BBB3 /* Images.xcassets in Resources */,
			);
			runOnlyForDeploymentPostprocessing = 0;
		};
		CB619F261A22F4FC0065BBB3 /* Resources */ = {
			isa = PBXResourcesBuildPhase;
			buildActionMask = 2147483647;
			files = (
			);
			runOnlyForDeploymentPostprocessing = 0;
		};
/* End PBXResourcesBuildPhase section */

/* Begin PBXSourcesBuildPhase section */
		CB619F081A22F4FC0065BBB3 /* Sources */ = {
			isa = PBXSourcesBuildPhase;
			buildActionMask = 2147483647;
			files = (
				CB619F151A22F4FC0065BBB3 /* AppDelegate.m in Sources */,
				CB619F181A22F4FC0065BBB3 /* ProlificProject.xcdatamodeld in Sources */,
				CB619F121A22F4FC0065BBB3 /* main.m in Sources */,
				CB619F3A1A22F5AD0065BBB3 /* BookListTableViewController.m in Sources */,
				CB53F70E1A3D0AD100C5007D /* AddABookViewController.m in Sources */,
				CB53F7111A3D0AF500C5007D /* DetailViewController.m in Sources */,
			);
			runOnlyForDeploymentPostprocessing = 0;
		};
		CB619F241A22F4FC0065BBB3 /* Sources */ = {
			isa = PBXSourcesBuildPhase;
			buildActionMask = 2147483647;
			files = (
				CB619F2F1A22F4FC0065BBB3 /* ProlificProjectTests.m in Sources */,
			);
			runOnlyForDeploymentPostprocessing = 0;
		};
/* End PBXSourcesBuildPhase section */

/* Begin PBXTargetDependency section */
		CB619F2A1A22F4FC0065BBB3 /* PBXTargetDependency */ = {
			isa = PBXTargetDependency;
			target = CB619F0B1A22F4FC0065BBB3 /* ProlificProject */;
			targetProxy = CB619F291A22F4FC0065BBB3 /* PBXContainerItemProxy */;
		};
/* End PBXTargetDependency section */

/* Begin PBXVariantGroup section */
		CB619F1C1A22F4FC0065BBB3 /* Main.storyboard */ = {
			isa = PBXVariantGroup;
			children = (
				CB619F1D1A22F4FC0065BBB3 /* Base */,
			);
			name = Main.storyboard;
			sourceTree = "<group>";
		};
		CB619F211A22F4FC0065BBB3 /* LaunchScreen.xib */ = {
			isa = PBXVariantGroup;
			children = (
				CB619F221A22F4FC0065BBB3 /* Base */,
			);
			name = LaunchScreen.xib;
			sourceTree = "<group>";
		};
/* End PBXVariantGroup section */

/* Begin XCBuildConfiguration section */
		CB619F301A22F4FC0065BBB3 /* Debug */ = {
			isa = XCBuildConfiguration;
			buildSettings = {
				ALWAYS_SEARCH_USER_PATHS = NO;
				CLANG_CXX_LANGUAGE_STANDARD = "gnu++0x";
				CLANG_CXX_LIBRARY = "libc++";
				CLANG_ENABLE_MODULES = YES;
				CLANG_ENABLE_OBJC_ARC = YES;
				CLANG_WARN_BOOL_CONVERSION = YES;
				CLANG_WARN_CONSTANT_CONVERSION = YES;
				CLANG_WARN_DIRECT_OBJC_ISA_USAGE = YES_ERROR;
				CLANG_WARN_EMPTY_BODY = YES;
				CLANG_WARN_ENUM_CONVERSION = YES;
				CLANG_WARN_INT_CONVERSION = YES;
				CLANG_WARN_OBJC_ROOT_CLASS = YES_ERROR;
				CLANG_WARN_UNREACHABLE_CODE = YES;
				CLANG_WARN__DUPLICATE_METHOD_MATCH = YES;
				"CODE_SIGN_IDENTITY[sdk=iphoneos*]" = "iPhone Developer";
				COPY_PHASE_STRIP = NO;
				ENABLE_STRICT_OBJC_MSGSEND = YES;
				GCC_C_LANGUAGE_STANDARD = gnu99;
				GCC_DYNAMIC_NO_PIC = NO;
				GCC_OPTIMIZATION_LEVEL = 0;
				GCC_PREPROCESSOR_DEFINITIONS = (
					"DEBUG=1",
					"$(inherited)",
				);
				GCC_SYMBOLS_PRIVATE_EXTERN = NO;
				GCC_WARN_64_TO_32_BIT_CONVERSION = YES;
				GCC_WARN_ABOUT_RETURN_TYPE = YES_ERROR;
				GCC_WARN_UNDECLARED_SELECTOR = YES;
				GCC_WARN_UNINITIALIZED_AUTOS = YES_AGGRESSIVE;
				GCC_WARN_UNUSED_FUNCTION = YES;
				GCC_WARN_UNUSED_VARIABLE = YES;
				IPHONEOS_DEPLOYMENT_TARGET = 7.0;
				MTL_ENABLE_DEBUG_INFO = YES;
				ONLY_ACTIVE_ARCH = YES;
				SDKROOT = iphoneos;
			};
			name = Debug;
		};
		CB619F311A22F4FC0065BBB3 /* Release */ = {
			isa = XCBuildConfiguration;
			buildSettings = {
				ALWAYS_SEARCH_USER_PATHS = NO;
				CLANG_CXX_LANGUAGE_STANDARD = "gnu++0x";
				CLANG_CXX_LIBRARY = "libc++";
				CLANG_ENABLE_MODULES = YES;
				CLANG_ENABLE_OBJC_ARC = YES;
				CLANG_WARN_BOOL_CONVERSION = YES;
				CLANG_WARN_CONSTANT_CONVERSION = YES;
				CLANG_WARN_DIRECT_OBJC_ISA_USAGE = YES_ERROR;
				CLANG_WARN_EMPTY_BODY = YES;
				CLANG_WARN_ENUM_CONVERSION = YES;
				CLANG_WARN_INT_CONVERSION = YES;
				CLANG_WARN_OBJC_ROOT_CLASS = YES_ERROR;
				CLANG_WARN_UNREACHABLE_CODE = YES;
				CLANG_WARN__DUPLICATE_METHOD_MATCH = YES;
				"CODE_SIGN_IDENTITY[sdk=iphoneos*]" = "iPhone Developer";
				COPY_PHASE_STRIP = YES;
				ENABLE_NS_ASSERTIONS = NO;
				ENABLE_STRICT_OBJC_MSGSEND = YES;
				GCC_C_LANGUAGE_STANDARD = gnu99;
				GCC_WARN_64_TO_32_BIT_CONVERSION = YES;
				GCC_WARN_ABOUT_RETURN_TYPE = YES_ERROR;
				GCC_WARN_UNDECLARED_SELECTOR = YES;
				GCC_WARN_UNINITIALIZED_AUTOS = YES_AGGRESSIVE;
				GCC_WARN_UNUSED_FUNCTION = YES;
				GCC_WARN_UNUSED_VARIABLE = YES;
				IPHONEOS_DEPLOYMENT_TARGET = 7.0;
				MTL_ENABLE_DEBUG_INFO = NO;
				SDKROOT = iphoneos;
				VALIDATE_PRODUCT = YES;
			};
			name = Release;
		};
		CB619F331A22F4FC0065BBB3 /* Debug */ = {
			isa = XCBuildConfiguration;
			buildSettings = {
				ASSETCATALOG_COMPILER_APPICON_NAME = AppIcon;
				INFOPLIST_FILE = ProlificProject/Info.plist;
				IPHONEOS_DEPLOYMENT_TARGET = 7.0;
				LD_RUNPATH_SEARCH_PATHS = "$(inherited) @executable_path/Frameworks";
				PRODUCT_NAME = "$(TARGET_NAME)";
			};
			name = Debug;
		};
		CB619F341A22F4FC0065BBB3 /* Release */ = {
			isa = XCBuildConfiguration;
			buildSettings = {
				ASSETCATALOG_COMPILER_APPICON_NAME = AppIcon;
				INFOPLIST_FILE = ProlificProject/Info.plist;
				IPHONEOS_DEPLOYMENT_TARGET = 7.0;
				LD_RUNPATH_SEARCH_PATHS = "$(inherited) @executable_path/Frameworks";
				PRODUCT_NAME = "$(TARGET_NAME)";
			};
			name = Release;
		};
		CB619F361A22F4FC0065BBB3 /* Debug */ = {
			isa = XCBuildConfiguration;
			buildSettings = {
				BUNDLE_LOADER = "$(TEST_HOST)";
				FRAMEWORK_SEARCH_PATHS = (
					"$(SDKROOT)/Developer/Library/Frameworks",
					"$(inherited)",
				);
				GCC_PREPROCESSOR_DEFINITIONS = (
					"DEBUG=1",
					"$(inherited)",
				);
				INFOPLIST_FILE = ProlificProjectTests/Info.plist;
				LD_RUNPATH_SEARCH_PATHS = "$(inherited) @executable_path/Frameworks @loader_path/Frameworks";
				PRODUCT_NAME = "$(TARGET_NAME)";
				TEST_HOST = "$(BUILT_PRODUCTS_DIR)/ProlificProject.app/ProlificProject";
			};
			name = Debug;
		};
		CB619F371A22F4FC0065BBB3 /* Release */ = {
			isa = XCBuildConfiguration;
			buildSettings = {
				BUNDLE_LOADER = "$(TEST_HOST)";
				FRAMEWORK_SEARCH_PATHS = (
					"$(SDKROOT)/Developer/Library/Frameworks",
					"$(inherited)",
				);
				INFOPLIST_FILE = ProlificProjectTests/Info.plist;
				LD_RUNPATH_SEARCH_PATHS = "$(inherited) @executable_path/Frameworks @loader_path/Frameworks";
				PRODUCT_NAME = "$(TARGET_NAME)";
				TEST_HOST = "$(BUILT_PRODUCTS_DIR)/ProlificProject.app/ProlificProject";
			};
			name = Release;
		};
/* End XCBuildConfiguration section */

/* Begin XCConfigurationList section */
		CB619F071A22F4FC0065BBB3 /* Build configuration list for PBXProject "ProlificProject" */ = {
			isa = XCConfigurationList;
			buildConfigurations = (
				CB619F301A22F4FC0065BBB3 /* Debug */,
				CB619F311A22F4FC0065BBB3 /* Release */,
			);
			defaultConfigurationIsVisible = 0;
			defaultConfigurationName = Release;
		};
		CB619F321A22F4FC0065BBB3 /* Build configuration list for PBXNativeTarget "ProlificProject" */ = {
			isa = XCConfigurationList;
			buildConfigurations = (
				CB619F331A22F4FC0065BBB3 /* Debug */,
				CB619F341A22F4FC0065BBB3 /* Release */,
			);
			defaultConfigurationIsVisible = 0;
			defaultConfigurationName = Release;
		};
		CB619F351A22F4FC0065BBB3 /* Build configuration list for PBXNativeTarget "ProlificProjectTests" */ = {
			isa = XCConfigurationList;
			buildConfigurations = (
				CB619F361A22F4FC0065BBB3 /* Debug */,
				CB619F371A22F4FC0065BBB3 /* Release */,
			);
			defaultConfigurationIsVisible = 0;
			defaultConfigurationName = Release;
		};
/* End XCConfigurationList section */

/* Begin XCVersionGroup section */
		CB619F161A22F4FC0065BBB3 /* ProlificProject.xcdatamodeld */ = {
			isa = XCVersionGroup;
			children = (
				CB619F171A22F4FC0065BBB3 /* ProlificProject.xcdatamodel */,
			);
			currentVersion = CB619F171A22F4FC0065BBB3 /* ProlificProject.xcdatamodel */;
			path = ProlificProject.xcdatamodeld;
			sourceTree = "<group>";
			versionGroupType = wrapper.xcdatamodel;
		};
/* End XCVersionGroup section */
	};
	rootObject = CB619F041A22F4FC0065BBB3 /* Project object */;
}
